// !$*UTF8*$!
{
	archiveVersion = 1;
	classes = {
	};
	objectVersion = 46;
	objects = {
/* Begin PBXBuildFile section */
		858B842D18CA22B800AB12DE /* InfoPlist.strings in Resources */ = {isa = PBXBuildFile; fileRef = 858B833A18CA111C00AB12DE /* InfoPlist.strings */; };
		CD45EE7C18DC2D5800FB50C0 /* app in Resources */ = {isa = PBXBuildFile; fileRef = CD45EE7A18DC2D5800FB50C0 /* app */; };
		CD62955D1BB2678900AE3A93 /* main.m in Sources */ = {isa = PBXBuildFile; fileRef = CD62955C1BB2678900AE3A93 /* main.m */; };
		19231987CB02479E9DA92C7A /* Assets.xcassets in Resources */ = {isa = PBXBuildFile; fileRef = B5F4C77DD9A4409CB4E437A4 /* Assets.xcassets */; };
		BE8ED26915E64B32B152F49B /* Icon-60@3x.png in Resources */ = {isa = PBXBuildFile; fileRef = ADCB3E0A846F4F8E9DCDF031 /* Icon-60@3x.png */; };
		CF9BFD449F6C4CC883E13B45 /* Icon-Small-40.png in Resources */ = {isa = PBXBuildFile; fileRef = 51BEDD5D704A4AF39BD9FD28 /* Icon-Small-40.png */; };
		EA472EB93EDA4754879CE082 /* Icon-Small-40@2x.png in Resources */ = {isa = PBXBuildFile; fileRef = D1126A7B12774358BEA6E78F /* Icon-Small-40@2x.png */; };
		86C4A198045448629D277A43 /* Icon-Small-40@3x.png in Resources */ = {isa = PBXBuildFile; fileRef = 8D7DB5ACFEC64AF68CFDAA5D /* Icon-Small-40@3x.png */; };
		F9104598DB374D5AB07ECF70 /* Icon-Small-50.png in Resources */ = {isa = PBXBuildFile; fileRef = EC338F313B9B40F1B7F71957 /* Icon-Small-50.png */; };
		A8FEFEF17FFC4828B90444DE /* Icon-Small-50@2x.png in Resources */ = {isa = PBXBuildFile; fileRef = 50296748A7FD4FEE8BE27CC4 /* Icon-Small-50@2x.png */; };
		3753420B51A14E4E9A1B910C /* Icon-Small.png in Resources */ = {isa = PBXBuildFile; fileRef = 9F944FF8583A4FCAB64076C7 /* Icon-Small.png */; };
		512A1243348143CD90E842B3 /* Icon-Small@2x.png in Resources */ = {isa = PBXBuildFile; fileRef = 7473B5EB2D6541AC8B61DE52 /* Icon-Small@2x.png */; };
		628316D202F141DFB5511719 /* Icon-Small@3x.png in Resources */ = {isa = PBXBuildFile; fileRef = 3A8BE40FEAE9465EB06470CF /* Icon-Small@3x.png */; };
		A5D289D3472C40B8B138AFC4 /* LaunchScreen.storyboard in Resources */ = {isa = PBXBuildFile; fileRef = EF5F6A71902043BEB3F2B093 /* LaunchScreen.storyboard */; };
		30A667EF4F894963888A3B55 /* add.png in Resources */ = {isa = PBXBuildFile; fileRef = 8324C7D51F2A41D292654F51 /* add.png */; };
		B25E3C765DB144D4808E3EEB /* add@2x.png in Resources */ = {isa = PBXBuildFile; fileRef = D934AA7707F24765A2300DCD /* add@2x.png */; };
		15CC0559942F43469CCA944E /* add@3x.png in Resources */ = {isa = PBXBuildFile; fileRef = 8B0F5E494D1E46699EFD68C7 /* add@3x.png */; };
		8669CE4F64334BF69D8EE033 /* apple.png in Resources */ = {isa = PBXBuildFile; fileRef = EDC31062DEB446648B01C579 /* apple.png */; };
		56CA9D9960C44280AEFA0BE4 /* apple@2x.png in Resources */ = {isa = PBXBuildFile; fileRef = D8DBE4840C6849C198789244 /* apple@2x.png */; };
		D67EDF725E824EF0830D14DA /* apple@3x.png in Resources */ = {isa = PBXBuildFile; fileRef = 73AB670D76FC46DD9E2E2989 /* apple@3x.png */; };
		9F4078A0647C43B0807955A1 /* banana.png in Resources */ = {isa = PBXBuildFile; fileRef = 96B90C0F7A4B4618A81BA53D /* banana.png */; };
		5F616356E175447185BD8E21 /* banana@2x.png in Resources */ = {isa = PBXBuildFile; fileRef = 49B3C2BCFFCE492388BFE113 /* banana@2x.png */; };
		02C243C9A6C94FDEB08EAEC0 /* banana@3x.png in Resources */ = {isa = PBXBuildFile; fileRef = BD8A43E5DE094D119976CC35 /* banana@3x.png */; };
		5B33EB31623F421E8704CDE1 /* bg_inner.jpg in Resources */ = {isa = PBXBuildFile; fileRef = D55C6267AFE142E9A9D6D0ED /* bg_inner.jpg */; };
		F9A16E74076B41B49E3DFA12 /* bg_inner@2x.jpg in Resources */ = {isa = PBXBuildFile; fileRef = FBA54DF35BDE43DFA92AC11E /* bg_inner@2x.jpg */; };
		87CFD385B5E249AEB843A70D /* bg_inner@3x.jpg in Resources */ = {isa = PBXBuildFile; fileRef = 5B33B6C89BDC475EB96E1280 /* bg_inner@3x.jpg */; };
		A9C97A39CDFA4AE994A22F33 /* bg_login.jpg in Resources */ = {isa = PBXBuildFile; fileRef = E2E0E240A44F42828735C1D1 /* bg_login.jpg */; };
		F06413AC91F7418996B988C3 /* bg_login@2x.jpg in Resources */ = {isa = PBXBuildFile; fileRef = 3099FEF78A764E43AC4E29C1 /* bg_login@2x.jpg */; };
		43D68583CEE04EBC8202C363 /* bg_login@3x.jpg in Resources */ = {isa = PBXBuildFile; fileRef = 90E82516D6C242608B2E38D5 /* bg_login@3x.jpg */; };
		5FE0553BA13B42E2AC0E44C1 /* build.xcconfig in Resources */ = {isa = PBXBuildFile; fileRef = C2DFCBC4CB064592B30FCA2A /* build.xcconfig */; };
		2A55B6A7F8A348B191E90E93 /* checked.png in Resources */ = {isa = PBXBuildFile; fileRef = F0B80697DDF844C4BF952199 /* checked.png */; };
		92B8B22386BC433497980B57 /* checked@2x.png in Resources */ = {isa = PBXBuildFile; fileRef = E9471DBAC36647FE980AA3C4 /* checked@2x.png */; };
		1FAF220DE31F41A0B4EABCA8 /* checked@3x.png in Resources */ = {isa = PBXBuildFile; fileRef = 331B1D2222354989A10973B8 /* checked@3x.png */; };
		81D032ED33A44BBAA2A20471 /* checked_white.png in Resources */ = {isa = PBXBuildFile; fileRef = 097D5902118A4F41A46BDF1E /* checked_white.png */; };
		1FF25549CE7A45B5BF3E8AD2 /* checked_white@2x.png in Resources */ = {isa = PBXBuildFile; fileRef = DA15D5F90428452599B69253 /* checked_white@2x.png */; };
		65260B8CCB3349798C454009 /* checked_white@3x.png in Resources */ = {isa = PBXBuildFile; fileRef = 17DA5C82C01F4D50813D57DB /* checked_white@3x.png */; };
		25CE1339EA864E498E650C3E /* delete.png in Resources */ = {isa = PBXBuildFile; fileRef = 3C301E1AB527497AAB900FCE /* delete.png */; };
		0D3EF78747764830AB18100D /* delete@2x.png in Resources */ = {isa = PBXBuildFile; fileRef = C21EADA53E7147248B49E54F /* delete@2x.png */; };
		0049392CF0954877BF0E9B22 /* delete@3x.png in Resources */ = {isa = PBXBuildFile; fileRef = 0FE7FFFDE1AB4C40BEA148D5 /* delete@3x.png */; };
		502808C2025A4114A0066FE3 /* iTunesArtwork@2x.png in Resources */ = {isa = PBXBuildFile; fileRef = B1589FC76145413B82CBA943 /* iTunesArtwork@2x.png */; };
		255DBA25A13D4E4D8BDAA74A /* icon-60.png in Resources */ = {isa = PBXBuildFile; fileRef = A0918F72F7D54556B084D8A9 /* icon-60.png */; };
		72C5C8D19E6E4F3E8C36425D /* icon-60@2x.png in Resources */ = {isa = PBXBuildFile; fileRef = 2A265A0FCF814B1CB881C770 /* icon-60@2x.png */; };
		B3518D8AC115466BBB6B38ED /* icon-72.png in Resources */ = {isa = PBXBuildFile; fileRef = F4B6708DE80446B099E89991 /* icon-72.png */; };
		85D9FCAA32BD4796A06D1030 /* icon-72@2x.png in Resources */ = {isa = PBXBuildFile; fileRef = FA58A95980A444C884895E9D /* icon-72@2x.png */; };
		369F5132507F43FDA6202C63 /* icon-76.png in Resources */ = {isa = PBXBuildFile; fileRef = F5386CC0EA044EC08A7ADA7F /* icon-76.png */; };
		90CE06ABBE8449BD94B7D882 /* icon-76@2x.png in Resources */ = {isa = PBXBuildFile; fileRef = EF95D252C17845B4B9F8C351 /* icon-76@2x.png */; };
		4B6EA26348664C378AFE36A2 /* icon.png in Resources */ = {isa = PBXBuildFile; fileRef = A36FB45B2EE046D683CAC794 /* icon.png */; };
		8DBE7AD6D92849DE9976DCBF /* icon@2x.png in Resources */ = {isa = PBXBuildFile; fileRef = D87296B80F874989B0AC10E5 /* icon@2x.png */; };
		8FD5AF52F35E43A3851E1DFB /* logo_login.png in Resources */ = {isa = PBXBuildFile; fileRef = 0BF5AB2D29B2436989213044 /* logo_login.png */; };
		D7F28CBAA5C948ADA0B5FD2F /* logo_login@2x.png in Resources */ = {isa = PBXBuildFile; fileRef = 3A5F82CF068244639B1E1386 /* logo_login@2x.png */; };
		AA622101CFEB451AA43279A0 /* logo_login@3x.png in Resources */ = {isa = PBXBuildFile; fileRef = FF399DD07B8246ADA82EC8AB /* logo_login@3x.png */; };
		C5ABB64A700E46A391196C21 /* logo_signup.png in Resources */ = {isa = PBXBuildFile; fileRef = 46716DDE150243439A1A5699 /* logo_signup.png */; };
		865ADFCD8C8D40DD99DD4415 /* logo_signup@2x.png in Resources */ = {isa = PBXBuildFile; fileRef = FA1C6E38170244BC93AECDD9 /* logo_signup@2x.png */; };
		36758CCCFD0A407F9EDF65DC /* logo_signup@3x.png in Resources */ = {isa = PBXBuildFile; fileRef = 007AEE17D34B49899AFD812C /* logo_signup@3x.png */; };
		ED5617FDAEE440C185BCFF5B /* menu.png in Resources */ = {isa = PBXBuildFile; fileRef = 85FCCEC4510141BD980D4AAF /* menu.png */; };
		01A8C54721554D29A7140828 /* menu@2x.png in Resources */ = {isa = PBXBuildFile; fileRef = 4D1E0E7513CA4A37B1225799 /* menu@2x.png */; };
		EDE77E52853B4771B3894B83 /* menu@3x.png in Resources */ = {isa = PBXBuildFile; fileRef = 8178ACAC9E0A4F9CAD9A25C8 /* menu@3x.png */; };
		398EA368CC6845368A8B6486 /* nonselected.png in Resources */ = {isa = PBXBuildFile; fileRef = E9F9C4B68488485B97689C7B /* nonselected.png */; };
		E1C293DA55C445A085EDEBFC /* nonselected@2x.png in Resources */ = {isa = PBXBuildFile; fileRef = C69724F29A7747E9A1F4BCF8 /* nonselected@2x.png */; };
		F250C34128764FBBBFBE71B4 /* nonselected@3x.png in Resources */ = {isa = PBXBuildFile; fileRef = BC48DF7E4B9045A794770984 /* nonselected@3x.png */; };
		C757F2F01C3745B3A6638031 /* pear.png in Resources */ = {isa = PBXBuildFile; fileRef = C1849B613BF7491E82DD45D1 /* pear.png */; };
		52D3CC581A9843CE928D6278 /* pear@2x.png in Resources */ = {isa = PBXBuildFile; fileRef = 7D00E9D46AE44B27BA2832FC /* pear@2x.png */; };
		0C43374350BE4CCA99D7BDE6 /* pear@3x.png in Resources */ = {isa = PBXBuildFile; fileRef = 02404E00679E4B92A46A00A3 /* pear@3x.png */; };
		0EA5FCC7B5804B61A2BF04F6 /* recent.png in Resources */ = {isa = PBXBuildFile; fileRef = C2AB56DA00D64131BB1E38E7 /* recent.png */; };
		BD2C167602F84956ACC62333 /* recent@2x.png in Resources */ = {isa = PBXBuildFile; fileRef = 22F754E39DB645ADB87E184D /* recent@2x.png */; };
		F8D3470D35A942B1B0A95857 /* recent@3x.png in Resources */ = {isa = PBXBuildFile; fileRef = EA61BC74F11745609A3F0D35 /* recent@3x.png */; };
		8CCE1583463042C397CD95E0 /* selected.png in Resources */ = {isa = PBXBuildFile; fileRef = A7E70E61645F4E4CA33B89BE /* selected.png */; };
		1DCC24FACF91467B8CC585AD /* selected@2x.png in Resources */ = {isa = PBXBuildFile; fileRef = CCE28534B9484EFC816243DF /* selected@2x.png */; };
		AB731BBB555445409D939281 /* selected@3x.png in Resources */ = {isa = PBXBuildFile; fileRef = E495B0B4E6B24326A7BF9BC4 /* selected@3x.png */; };
		C831D45D0BFE42F1A8417D36 /* unchecked.png in Resources */ = {isa = PBXBuildFile; fileRef = F8AAACD3F613486696499C7F /* unchecked.png */; };
		EE4DD80D24C2422394410433 /* unchecked@2x.png in Resources */ = {isa = PBXBuildFile; fileRef = 4DCCAE5875BB496CB09F5ABE /* unchecked@2x.png */; };
		A9589D46CD0840F7977A52CF /* unchecked@3x.png in Resources */ = {isa = PBXBuildFile; fileRef = 0E28A0E3B5484A23BFB82C12 /* unchecked@3x.png */; };
		9F5D341301694408B37E32D9 /* unchecked_white.png in Resources */ = {isa = PBXBuildFile; fileRef = BE6B6A06E5A64019AD73AFD8 /* unchecked_white.png */; };
		727FC18B295144399C35E4C4 /* unchecked_white@2x.png in Resources */ = {isa = PBXBuildFile; fileRef = 7C366987070144AFA8BF3809 /* unchecked_white@2x.png */; };
		23F88231E594478B8AB3F6CB /* unchecked_white@3x.png in Resources */ = {isa = PBXBuildFile; fileRef = 4A9804F6120E41C794806CEC /* unchecked_white@3x.png */; };
		5347058907724222A18E41BB /* TNSWidgets.framework in Frameworks */ = {isa = PBXBuildFile; fileRef = AC3176A9E2AB4BAAA5065690 /* TNSWidgets.framework */; };
		8D931423B8CF4624909F32A0 /* TNSWidgets.framework in Embed Frameworks */ = {isa = PBXBuildFile; fileRef = AC3176A9E2AB4BAAA5065690 /* TNSWidgets.framework */; settings = {ATTRIBUTES = (CodeSignOnCopy, RemoveHeadersOnCopy, ); }; };
/* End PBXBuildFile section */

/* Begin PBXCopyFilesBuildPhase section */
		85F5BDFC1A9363BE006B9701 /* Embed Frameworks */ = {
			isa = PBXCopyFilesBuildPhase;
			buildActionMask = 2147483647;
			dstPath = "";
			dstSubfolderSpec = 10;
			files = (
				8D931423B8CF4624909F32A0 /* TNSWidgets.framework in Embed Frameworks */,
			);
			name = "Embed Frameworks";
			runOnlyForDeploymentPostprocessing = 0;
		};
/* End PBXCopyFilesBuildPhase section */

/* Begin PBXFileReference section */
		858B832E18CA111C00AB12DE /* DailyLogger.app */ = {isa = PBXFileReference; explicitFileType = wrapper.application; includeInIndex = 0; path = DailyLogger.app; sourceTree = BUILT_PRODUCTS_DIR; };
		858B833918CA111C00AB12DE /* DailyLogger-Info.plist */ = {isa = PBXFileReference; lastKnownFileType = text.plist.xml; path = "DailyLogger-Info.plist"; sourceTree = "<group>"; };
		858B833B18CA111C00AB12DE /* en */ = {isa = PBXFileReference; lastKnownFileType = text.plist.strings; name = en; path = en.lproj/InfoPlist.strings; sourceTree = "<group>"; };
		858B833F18CA111C00AB12DE /* DailyLogger-Prefix.pch */ = {isa = PBXFileReference; lastKnownFileType = sourcecode.c.h; path = "DailyLogger-Prefix.pch"; sourceTree = "<group>"; };
		858B843318CA22B800AB12DE /* DailyLogger.app */ = {isa = PBXFileReference; explicitFileType = wrapper.application; includeInIndex = 0; path = DailyLogger.app; sourceTree = BUILT_PRODUCTS_DIR; };
		CD45EE7A18DC2D5800FB50C0 /* app */ = {isa = PBXFileReference; lastKnownFileType = folder; path = app; sourceTree = "<group>"; };
		CD62955C1BB2678900AE3A93 /* main.m */ = {isa = PBXFileReference; fileEncoding = 4; lastKnownFileType = sourcecode.c.objc; name = main.m; path = internal/main.m; sourceTree = SOURCE_ROOT; };
		CDD59A261BB43B5D00EC2671 /* build-debug.xcconfig */ = {isa = PBXFileReference; fileEncoding = 4; lastKnownFileType = text.xcconfig; path = "build-debug.xcconfig"; sourceTree = "<group>"; };
		CDD59A271BB43B5D00EC2671 /* build-release.xcconfig */ = {isa = PBXFileReference; fileEncoding = 4; lastKnownFileType = text.xcconfig; path = "build-release.xcconfig"; sourceTree = "<group>"; };
		CDF4743E1BA4855C0087EA85 /* build.xcconfig */ = {isa = PBXFileReference; fileEncoding = 4; lastKnownFileType = text.xcconfig; path = build.xcconfig; sourceTree = "<group>"; };
		B5F4C77DD9A4409CB4E437A4 /* Assets.xcassets */ = {isa = PBXFileReference; lastKnownFileType = unknown; name = Assets.xcassets; path = "DailyLogger/Resources/Assets.xcassets"; sourceTree = "<group>"; fileEncoding = 4; };
		ADCB3E0A846F4F8E9DCDF031 /* Icon-60@3x.png */ = {isa = PBXFileReference; lastKnownFileType = image.png; name = "Icon-60@3x.png"; path = "DailyLogger/Resources/Icon-60@3x.png"; sourceTree = "<group>"; };
		51BEDD5D704A4AF39BD9FD28 /* Icon-Small-40.png */ = {isa = PBXFileReference; lastKnownFileType = image.png; name = "Icon-Small-40.png"; path = "DailyLogger/Resources/Icon-Small-40.png"; sourceTree = "<group>"; };
		D1126A7B12774358BEA6E78F /* Icon-Small-40@2x.png */ = {isa = PBXFileReference; lastKnownFileType = image.png; name = "Icon-Small-40@2x.png"; path = "DailyLogger/Resources/Icon-Small-40@2x.png"; sourceTree = "<group>"; };
		8D7DB5ACFEC64AF68CFDAA5D /* Icon-Small-40@3x.png */ = {isa = PBXFileReference; lastKnownFileType = image.png; name = "Icon-Small-40@3x.png"; path = "DailyLogger/Resources/Icon-Small-40@3x.png"; sourceTree = "<group>"; };
		EC338F313B9B40F1B7F71957 /* Icon-Small-50.png */ = {isa = PBXFileReference; lastKnownFileType = image.png; name = "Icon-Small-50.png"; path = "DailyLogger/Resources/Icon-Small-50.png"; sourceTree = "<group>"; };
		50296748A7FD4FEE8BE27CC4 /* Icon-Small-50@2x.png */ = {isa = PBXFileReference; lastKnownFileType = image.png; name = "Icon-Small-50@2x.png"; path = "DailyLogger/Resources/Icon-Small-50@2x.png"; sourceTree = "<group>"; };
		9F944FF8583A4FCAB64076C7 /* Icon-Small.png */ = {isa = PBXFileReference; lastKnownFileType = image.png; name = "Icon-Small.png"; path = "DailyLogger/Resources/Icon-Small.png"; sourceTree = "<group>"; };
		7473B5EB2D6541AC8B61DE52 /* Icon-Small@2x.png */ = {isa = PBXFileReference; lastKnownFileType = image.png; name = "Icon-Small@2x.png"; path = "DailyLogger/Resources/Icon-Small@2x.png"; sourceTree = "<group>"; };
		3A8BE40FEAE9465EB06470CF /* Icon-Small@3x.png */ = {isa = PBXFileReference; lastKnownFileType = image.png; name = "Icon-Small@3x.png"; path = "DailyLogger/Resources/Icon-Small@3x.png"; sourceTree = "<group>"; };
		EF5F6A71902043BEB3F2B093 /* LaunchScreen.storyboard */ = {isa = PBXFileReference; lastKnownFileType = unknown; name = LaunchScreen.storyboard; path = "DailyLogger/Resources/LaunchScreen.storyboard"; sourceTree = "<group>"; fileEncoding = 4; };
		8324C7D51F2A41D292654F51 /* add.png */ = {isa = PBXFileReference; lastKnownFileType = image.png; name = add.png; path = "DailyLogger/Resources/add.png"; sourceTree = "<group>"; };
		D934AA7707F24765A2300DCD /* add@2x.png */ = {isa = PBXFileReference; lastKnownFileType = image.png; name = "add@2x.png"; path = "DailyLogger/Resources/add@2x.png"; sourceTree = "<group>"; };
		8B0F5E494D1E46699EFD68C7 /* add@3x.png */ = {isa = PBXFileReference; lastKnownFileType = image.png; name = "add@3x.png"; path = "DailyLogger/Resources/add@3x.png"; sourceTree = "<group>"; };
		EDC31062DEB446648B01C579 /* apple.png */ = {isa = PBXFileReference; lastKnownFileType = image.png; name = apple.png; path = "DailyLogger/Resources/apple.png"; sourceTree = "<group>"; };
		D8DBE4840C6849C198789244 /* apple@2x.png */ = {isa = PBXFileReference; lastKnownFileType = image.png; name = "apple@2x.png"; path = "DailyLogger/Resources/apple@2x.png"; sourceTree = "<group>"; };
		73AB670D76FC46DD9E2E2989 /* apple@3x.png */ = {isa = PBXFileReference; lastKnownFileType = image.png; name = "apple@3x.png"; path = "DailyLogger/Resources/apple@3x.png"; sourceTree = "<group>"; };
		96B90C0F7A4B4618A81BA53D /* banana.png */ = {isa = PBXFileReference; lastKnownFileType = image.png; name = banana.png; path = "DailyLogger/Resources/banana.png"; sourceTree = "<group>"; };
		49B3C2BCFFCE492388BFE113 /* banana@2x.png */ = {isa = PBXFileReference; lastKnownFileType = image.png; name = "banana@2x.png"; path = "DailyLogger/Resources/banana@2x.png"; sourceTree = "<group>"; };
		BD8A43E5DE094D119976CC35 /* banana@3x.png */ = {isa = PBXFileReference; lastKnownFileType = image.png; name = "banana@3x.png"; path = "DailyLogger/Resources/banana@3x.png"; sourceTree = "<group>"; };
		D55C6267AFE142E9A9D6D0ED /* bg_inner.jpg */ = {isa = PBXFileReference; lastKnownFileType = unknown; name = bg_inner.jpg; path = "DailyLogger/Resources/bg_inner.jpg"; sourceTree = "<group>"; fileEncoding = 4; };
		FBA54DF35BDE43DFA92AC11E /* bg_inner@2x.jpg */ = {isa = PBXFileReference; lastKnownFileType = unknown; name = "bg_inner@2x.jpg"; path = "DailyLogger/Resources/bg_inner@2x.jpg"; sourceTree = "<group>"; fileEncoding = 4; };
		5B33B6C89BDC475EB96E1280 /* bg_inner@3x.jpg */ = {isa = PBXFileReference; lastKnownFileType = unknown; name = "bg_inner@3x.jpg"; path = "DailyLogger/Resources/bg_inner@3x.jpg"; sourceTree = "<group>"; fileEncoding = 4; };
		E2E0E240A44F42828735C1D1 /* bg_login.jpg */ = {isa = PBXFileReference; lastKnownFileType = unknown; name = bg_login.jpg; path = "DailyLogger/Resources/bg_login.jpg"; sourceTree = "<group>"; fileEncoding = 4; };
		3099FEF78A764E43AC4E29C1 /* bg_login@2x.jpg */ = {isa = PBXFileReference; lastKnownFileType = unknown; name = "bg_login@2x.jpg"; path = "DailyLogger/Resources/bg_login@2x.jpg"; sourceTree = "<group>"; fileEncoding = 4; };
		90E82516D6C242608B2E38D5 /* bg_login@3x.jpg */ = {isa = PBXFileReference; lastKnownFileType = unknown; name = "bg_login@3x.jpg"; path = "DailyLogger/Resources/bg_login@3x.jpg"; sourceTree = "<group>"; fileEncoding = 4; };
		C2DFCBC4CB064592B30FCA2A /* build.xcconfig */ = {isa = PBXFileReference; lastKnownFileType = unknown; name = build.xcconfig; path = "DailyLogger/Resources/build.xcconfig"; sourceTree = "<group>"; fileEncoding = 4; };
		F0B80697DDF844C4BF952199 /* checked.png */ = {isa = PBXFileReference; lastKnownFileType = image.png; name = checked.png; path = "DailyLogger/Resources/checked.png"; sourceTree = "<group>"; };
		E9471DBAC36647FE980AA3C4 /* checked@2x.png */ = {isa = PBXFileReference; lastKnownFileType = image.png; name = "checked@2x.png"; path = "DailyLogger/Resources/checked@2x.png"; sourceTree = "<group>"; };
		331B1D2222354989A10973B8 /* checked@3x.png */ = {isa = PBXFileReference; lastKnownFileType = image.png; name = "checked@3x.png"; path = "DailyLogger/Resources/checked@3x.png"; sourceTree = "<group>"; };
		097D5902118A4F41A46BDF1E /* checked_white.png */ = {isa = PBXFileReference; lastKnownFileType = image.png; name = checked_white.png; path = "DailyLogger/Resources/checked_white.png"; sourceTree = "<group>"; };
		DA15D5F90428452599B69253 /* checked_white@2x.png */ = {isa = PBXFileReference; lastKnownFileType = image.png; name = "checked_white@2x.png"; path = "DailyLogger/Resources/checked_white@2x.png"; sourceTree = "<group>"; };
		17DA5C82C01F4D50813D57DB /* checked_white@3x.png */ = {isa = PBXFileReference; lastKnownFileType = image.png; name = "checked_white@3x.png"; path = "DailyLogger/Resources/checked_white@3x.png"; sourceTree = "<group>"; };
		3C301E1AB527497AAB900FCE /* delete.png */ = {isa = PBXFileReference; lastKnownFileType = image.png; name = delete.png; path = "DailyLogger/Resources/delete.png"; sourceTree = "<group>"; };
		C21EADA53E7147248B49E54F /* delete@2x.png */ = {isa = PBXFileReference; lastKnownFileType = image.png; name = "delete@2x.png"; path = "DailyLogger/Resources/delete@2x.png"; sourceTree = "<group>"; };
		0FE7FFFDE1AB4C40BEA148D5 /* delete@3x.png */ = {isa = PBXFileReference; lastKnownFileType = image.png; name = "delete@3x.png"; path = "DailyLogger/Resources/delete@3x.png"; sourceTree = "<group>"; };
		B1589FC76145413B82CBA943 /* iTunesArtwork@2x.png */ = {isa = PBXFileReference; lastKnownFileType = image.png; name = "iTunesArtwork@2x.png"; path = "DailyLogger/Resources/iTunesArtwork@2x.png"; sourceTree = "<group>"; };
		A0918F72F7D54556B084D8A9 /* icon-60.png */ = {isa = PBXFileReference; lastKnownFileType = image.png; name = "icon-60.png"; path = "DailyLogger/Resources/icon-60.png"; sourceTree = "<group>"; };
		2A265A0FCF814B1CB881C770 /* icon-60@2x.png */ = {isa = PBXFileReference; lastKnownFileType = image.png; name = "icon-60@2x.png"; path = "DailyLogger/Resources/icon-60@2x.png"; sourceTree = "<group>"; };
		F4B6708DE80446B099E89991 /* icon-72.png */ = {isa = PBXFileReference; lastKnownFileType = image.png; name = "icon-72.png"; path = "DailyLogger/Resources/icon-72.png"; sourceTree = "<group>"; };
		FA58A95980A444C884895E9D /* icon-72@2x.png */ = {isa = PBXFileReference; lastKnownFileType = image.png; name = "icon-72@2x.png"; path = "DailyLogger/Resources/icon-72@2x.png"; sourceTree = "<group>"; };
		F5386CC0EA044EC08A7ADA7F /* icon-76.png */ = {isa = PBXFileReference; lastKnownFileType = image.png; name = "icon-76.png"; path = "DailyLogger/Resources/icon-76.png"; sourceTree = "<group>"; };
		EF95D252C17845B4B9F8C351 /* icon-76@2x.png */ = {isa = PBXFileReference; lastKnownFileType = image.png; name = "icon-76@2x.png"; path = "DailyLogger/Resources/icon-76@2x.png"; sourceTree = "<group>"; };
		A36FB45B2EE046D683CAC794 /* icon.png */ = {isa = PBXFileReference; lastKnownFileType = image.png; name = icon.png; path = "DailyLogger/Resources/icon.png"; sourceTree = "<group>"; };
		D87296B80F874989B0AC10E5 /* icon@2x.png */ = {isa = PBXFileReference; lastKnownFileType = image.png; name = "icon@2x.png"; path = "DailyLogger/Resources/icon@2x.png"; sourceTree = "<group>"; };
		0BF5AB2D29B2436989213044 /* logo_login.png */ = {isa = PBXFileReference; lastKnownFileType = image.png; name = logo_login.png; path = "DailyLogger/Resources/logo_login.png"; sourceTree = "<group>"; };
		3A5F82CF068244639B1E1386 /* logo_login@2x.png */ = {isa = PBXFileReference; lastKnownFileType = image.png; name = "logo_login@2x.png"; path = "DailyLogger/Resources/logo_login@2x.png"; sourceTree = "<group>"; };
		FF399DD07B8246ADA82EC8AB /* logo_login@3x.png */ = {isa = PBXFileReference; lastKnownFileType = image.png; name = "logo_login@3x.png"; path = "DailyLogger/Resources/logo_login@3x.png"; sourceTree = "<group>"; };
		46716DDE150243439A1A5699 /* logo_signup.png */ = {isa = PBXFileReference; lastKnownFileType = image.png; name = logo_signup.png; path = "DailyLogger/Resources/logo_signup.png"; sourceTree = "<group>"; };
		FA1C6E38170244BC93AECDD9 /* logo_signup@2x.png */ = {isa = PBXFileReference; lastKnownFileType = image.png; name = "logo_signup@2x.png"; path = "DailyLogger/Resources/logo_signup@2x.png"; sourceTree = "<group>"; };
		007AEE17D34B49899AFD812C /* logo_signup@3x.png */ = {isa = PBXFileReference; lastKnownFileType = image.png; name = "logo_signup@3x.png"; path = "DailyLogger/Resources/logo_signup@3x.png"; sourceTree = "<group>"; };
		85FCCEC4510141BD980D4AAF /* menu.png */ = {isa = PBXFileReference; lastKnownFileType = image.png; name = menu.png; path = "DailyLogger/Resources/menu.png"; sourceTree = "<group>"; };
		4D1E0E7513CA4A37B1225799 /* menu@2x.png */ = {isa = PBXFileReference; lastKnownFileType = image.png; name = "menu@2x.png"; path = "DailyLogger/Resources/menu@2x.png"; sourceTree = "<group>"; };
		8178ACAC9E0A4F9CAD9A25C8 /* menu@3x.png */ = {isa = PBXFileReference; lastKnownFileType = image.png; name = "menu@3x.png"; path = "DailyLogger/Resources/menu@3x.png"; sourceTree = "<group>"; };
		E9F9C4B68488485B97689C7B /* nonselected.png */ = {isa = PBXFileReference; lastKnownFileType = image.png; name = nonselected.png; path = "DailyLogger/Resources/nonselected.png"; sourceTree = "<group>"; };
		C69724F29A7747E9A1F4BCF8 /* nonselected@2x.png */ = {isa = PBXFileReference; lastKnownFileType = image.png; name = "nonselected@2x.png"; path = "DailyLogger/Resources/nonselected@2x.png"; sourceTree = "<group>"; };
		BC48DF7E4B9045A794770984 /* nonselected@3x.png */ = {isa = PBXFileReference; lastKnownFileType = image.png; name = "nonselected@3x.png"; path = "DailyLogger/Resources/nonselected@3x.png"; sourceTree = "<group>"; };
		C1849B613BF7491E82DD45D1 /* pear.png */ = {isa = PBXFileReference; lastKnownFileType = image.png; name = pear.png; path = "DailyLogger/Resources/pear.png"; sourceTree = "<group>"; };
		7D00E9D46AE44B27BA2832FC /* pear@2x.png */ = {isa = PBXFileReference; lastKnownFileType = image.png; name = "pear@2x.png"; path = "DailyLogger/Resources/pear@2x.png"; sourceTree = "<group>"; };
		02404E00679E4B92A46A00A3 /* pear@3x.png */ = {isa = PBXFileReference; lastKnownFileType = image.png; name = "pear@3x.png"; path = "DailyLogger/Resources/pear@3x.png"; sourceTree = "<group>"; };
		C2AB56DA00D64131BB1E38E7 /* recent.png */ = {isa = PBXFileReference; lastKnownFileType = image.png; name = recent.png; path = "DailyLogger/Resources/recent.png"; sourceTree = "<group>"; };
		22F754E39DB645ADB87E184D /* recent@2x.png */ = {isa = PBXFileReference; lastKnownFileType = image.png; name = "recent@2x.png"; path = "DailyLogger/Resources/recent@2x.png"; sourceTree = "<group>"; };
		EA61BC74F11745609A3F0D35 /* recent@3x.png */ = {isa = PBXFileReference; lastKnownFileType = image.png; name = "recent@3x.png"; path = "DailyLogger/Resources/recent@3x.png"; sourceTree = "<group>"; };
		A7E70E61645F4E4CA33B89BE /* selected.png */ = {isa = PBXFileReference; lastKnownFileType = image.png; name = selected.png; path = "DailyLogger/Resources/selected.png"; sourceTree = "<group>"; };
		CCE28534B9484EFC816243DF /* selected@2x.png */ = {isa = PBXFileReference; lastKnownFileType = image.png; name = "selected@2x.png"; path = "DailyLogger/Resources/selected@2x.png"; sourceTree = "<group>"; };
		E495B0B4E6B24326A7BF9BC4 /* selected@3x.png */ = {isa = PBXFileReference; lastKnownFileType = image.png; name = "selected@3x.png"; path = "DailyLogger/Resources/selected@3x.png"; sourceTree = "<group>"; };
		F8AAACD3F613486696499C7F /* unchecked.png */ = {isa = PBXFileReference; lastKnownFileType = image.png; name = unchecked.png; path = "DailyLogger/Resources/unchecked.png"; sourceTree = "<group>"; };
		4DCCAE5875BB496CB09F5ABE /* unchecked@2x.png */ = {isa = PBXFileReference; lastKnownFileType = image.png; name = "unchecked@2x.png"; path = "DailyLogger/Resources/unchecked@2x.png"; sourceTree = "<group>"; };
		0E28A0E3B5484A23BFB82C12 /* unchecked@3x.png */ = {isa = PBXFileReference; lastKnownFileType = image.png; name = "unchecked@3x.png"; path = "DailyLogger/Resources/unchecked@3x.png"; sourceTree = "<group>"; };
		BE6B6A06E5A64019AD73AFD8 /* unchecked_white.png */ = {isa = PBXFileReference; lastKnownFileType = image.png; name = unchecked_white.png; path = "DailyLogger/Resources/unchecked_white.png"; sourceTree = "<group>"; };
		7C366987070144AFA8BF3809 /* unchecked_white@2x.png */ = {isa = PBXFileReference; lastKnownFileType = image.png; name = "unchecked_white@2x.png"; path = "DailyLogger/Resources/unchecked_white@2x.png"; sourceTree = "<group>"; };
		4A9804F6120E41C794806CEC /* unchecked_white@3x.png */ = {isa = PBXFileReference; lastKnownFileType = image.png; name = "unchecked_white@3x.png"; path = "DailyLogger/Resources/unchecked_white@3x.png"; sourceTree = "<group>"; };
		AC3176A9E2AB4BAAA5065690 /* TNSWidgets.framework */ = {isa = PBXFileReference; lastKnownFileType = wrapper.framework; name = TNSWidgets.framework; path = "$(SRCROOT)/../../node_modules/tns-core-modules-widgets/platforms/ios/TNSWidgets.framework"; sourceTree = "<group>"; };
/* End PBXFileReference section */

/* Begin PBXFrameworksBuildPhase section */
		858B83F418CA22B800AB12DE /* Frameworks */ = {
			isa = PBXFrameworksBuildPhase;
			buildActionMask = 2147483647;
			files = (
				5347058907724222A18E41BB /* TNSWidgets.framework in Frameworks */,
			);
			runOnlyForDeploymentPostprocessing = 0;
		};
/* End PBXFrameworksBuildPhase section */

/* Begin PBXGroup section */
		858B832518CA111C00AB12DE = {
			isa = PBXGroup;
			children = (
				E070579D1B39A9D000214BF1 /* Resources */,
				858B833718CA111C00AB12DE /* DailyLogger */,
				858B833018CA111C00AB12DE /* Frameworks */,
				858B832F18CA111C00AB12DE /* Products */,
			);
			sourceTree = "<group>";
		};
		858B832F18CA111C00AB12DE /* Products */ = {
			isa = PBXGroup;
			children = (
				858B832E18CA111C00AB12DE /* DailyLogger.app */,
				858B843318CA22B800AB12DE /* DailyLogger.app */,
			);
			name = Products;
			sourceTree = "<group>";
		};
		858B833018CA111C00AB12DE /* Frameworks */ = {
			isa = PBXGroup;
			children = (
				AC3176A9E2AB4BAAA5065690 /* TNSWidgets.framework */,
			);
			name = Frameworks;
			sourceTree = "<group>";
		};
		858B833718CA111C00AB12DE /* DailyLogger */ = {
			isa = PBXGroup;
			children = (
				CD45EE7A18DC2D5800FB50C0 /* app */,
				858B833818CA111C00AB12DE /* Supporting Files */,
			);
			path = DailyLogger;
			sourceTree = "<group>";
		};
		858B833818CA111C00AB12DE /* Supporting Files */ = {
			isa = PBXGroup;
			children = (
				CDF4743E1BA4855C0087EA85 /* build.xcconfig */,
				CDD59A261BB43B5D00EC2671 /* build-debug.xcconfig */,
				CDD59A271BB43B5D00EC2671 /* build-release.xcconfig */,
				858B833918CA111C00AB12DE /* DailyLogger-Info.plist */,
				858B833A18CA111C00AB12DE /* InfoPlist.strings */,
				CD62955C1BB2678900AE3A93 /* main.m */,
				858B833F18CA111C00AB12DE /* DailyLogger-Prefix.pch */,
			);
			name = "Supporting Files";
			sourceTree = "<group>";
		};
		E070579D1B39A9D000214BF1 /* Resources */ = {
			isa = PBXGroup;
			children = (
				B5F4C77DD9A4409CB4E437A4 /* Assets.xcassets */,
				ADCB3E0A846F4F8E9DCDF031 /* Icon-60@3x.png */,
				51BEDD5D704A4AF39BD9FD28 /* Icon-Small-40.png */,
				D1126A7B12774358BEA6E78F /* Icon-Small-40@2x.png */,
				8D7DB5ACFEC64AF68CFDAA5D /* Icon-Small-40@3x.png */,
				EC338F313B9B40F1B7F71957 /* Icon-Small-50.png */,
				50296748A7FD4FEE8BE27CC4 /* Icon-Small-50@2x.png */,
				9F944FF8583A4FCAB64076C7 /* Icon-Small.png */,
				7473B5EB2D6541AC8B61DE52 /* Icon-Small@2x.png */,
				3A8BE40FEAE9465EB06470CF /* Icon-Small@3x.png */,
				EF5F6A71902043BEB3F2B093 /* LaunchScreen.storyboard */,
				8324C7D51F2A41D292654F51 /* add.png */,
				D934AA7707F24765A2300DCD /* add@2x.png */,
				8B0F5E494D1E46699EFD68C7 /* add@3x.png */,
				EDC31062DEB446648B01C579 /* apple.png */,
				D8DBE4840C6849C198789244 /* apple@2x.png */,
				73AB670D76FC46DD9E2E2989 /* apple@3x.png */,
				96B90C0F7A4B4618A81BA53D /* banana.png */,
				49B3C2BCFFCE492388BFE113 /* banana@2x.png */,
				BD8A43E5DE094D119976CC35 /* banana@3x.png */,
				D55C6267AFE142E9A9D6D0ED /* bg_inner.jpg */,
				FBA54DF35BDE43DFA92AC11E /* bg_inner@2x.jpg */,
				5B33B6C89BDC475EB96E1280 /* bg_inner@3x.jpg */,
				E2E0E240A44F42828735C1D1 /* bg_login.jpg */,
				3099FEF78A764E43AC4E29C1 /* bg_login@2x.jpg */,
				90E82516D6C242608B2E38D5 /* bg_login@3x.jpg */,
				C2DFCBC4CB064592B30FCA2A /* build.xcconfig */,
				F0B80697DDF844C4BF952199 /* checked.png */,
				E9471DBAC36647FE980AA3C4 /* checked@2x.png */,
				331B1D2222354989A10973B8 /* checked@3x.png */,
				097D5902118A4F41A46BDF1E /* checked_white.png */,
				DA15D5F90428452599B69253 /* checked_white@2x.png */,
				17DA5C82C01F4D50813D57DB /* checked_white@3x.png */,
				3C301E1AB527497AAB900FCE /* delete.png */,
				C21EADA53E7147248B49E54F /* delete@2x.png */,
				0FE7FFFDE1AB4C40BEA148D5 /* delete@3x.png */,
				B1589FC76145413B82CBA943 /* iTunesArtwork@2x.png */,
				A0918F72F7D54556B084D8A9 /* icon-60.png */,
				2A265A0FCF814B1CB881C770 /* icon-60@2x.png */,
				F4B6708DE80446B099E89991 /* icon-72.png */,
				FA58A95980A444C884895E9D /* icon-72@2x.png */,
				F5386CC0EA044EC08A7ADA7F /* icon-76.png */,
				EF95D252C17845B4B9F8C351 /* icon-76@2x.png */,
				A36FB45B2EE046D683CAC794 /* icon.png */,
				D87296B80F874989B0AC10E5 /* icon@2x.png */,
				0BF5AB2D29B2436989213044 /* logo_login.png */,
				3A5F82CF068244639B1E1386 /* logo_login@2x.png */,
				FF399DD07B8246ADA82EC8AB /* logo_login@3x.png */,
				46716DDE150243439A1A5699 /* logo_signup.png */,
				FA1C6E38170244BC93AECDD9 /* logo_signup@2x.png */,
				007AEE17D34B49899AFD812C /* logo_signup@3x.png */,
				85FCCEC4510141BD980D4AAF /* menu.png */,
				4D1E0E7513CA4A37B1225799 /* menu@2x.png */,
				8178ACAC9E0A4F9CAD9A25C8 /* menu@3x.png */,
				E9F9C4B68488485B97689C7B /* nonselected.png */,
				C69724F29A7747E9A1F4BCF8 /* nonselected@2x.png */,
				BC48DF7E4B9045A794770984 /* nonselected@3x.png */,
				C1849B613BF7491E82DD45D1 /* pear.png */,
				7D00E9D46AE44B27BA2832FC /* pear@2x.png */,
				02404E00679E4B92A46A00A3 /* pear@3x.png */,
				C2AB56DA00D64131BB1E38E7 /* recent.png */,
				22F754E39DB645ADB87E184D /* recent@2x.png */,
				EA61BC74F11745609A3F0D35 /* recent@3x.png */,
				A7E70E61645F4E4CA33B89BE /* selected.png */,
				CCE28534B9484EFC816243DF /* selected@2x.png */,
				E495B0B4E6B24326A7BF9BC4 /* selected@3x.png */,
				F8AAACD3F613486696499C7F /* unchecked.png */,
				4DCCAE5875BB496CB09F5ABE /* unchecked@2x.png */,
				0E28A0E3B5484A23BFB82C12 /* unchecked@3x.png */,
				BE6B6A06E5A64019AD73AFD8 /* unchecked_white.png */,
				7C366987070144AFA8BF3809 /* unchecked_white@2x.png */,
				4A9804F6120E41C794806CEC /* unchecked_white@3x.png */,
			);
			name = Resources;
			sourceTree = "<group>";
		};
/* End PBXGroup section */

/* Begin PBXNativeTarget section */
		858B83EF18CA22B800AB12DE /* DailyLogger */ = {
			isa = PBXNativeTarget;
			buildConfigurationList = 858B843018CA22B800AB12DE /* Build configuration list for PBXNativeTarget "DailyLogger" */;
			buildPhases = (
				C97FD7AC1ADE5369004DB2A4 /* NativeScript PreBuild */,
				858B83F218CA22B800AB12DE /* Sources */,
				CD62955B1BB2651D00AE3A93 /* NativeScript PreLink */,
				858B83F418CA22B800AB12DE /* Frameworks */,
				858B842C18CA22B800AB12DE /* Resources */,
				85F5BDFC1A9363BE006B9701 /* Embed Frameworks */,
				CD3EAD351B05FF060042DBFC /* NativeScript PostBuild */,
			);
			buildRules = (
			);
			dependencies = (
			);
			name = DailyLogger;
			productName = JDBridgeApp;
			productReference = 858B843318CA22B800AB12DE /* DailyLogger.app */;
			productType = "com.apple.product-type.application";
		};
/* End PBXNativeTarget section */

/* Begin PBXProject section */
		858B832618CA111C00AB12DE /* Project object */ = {
			isa = PBXProject;
			attributes = {
				CLASSPREFIX = TNS;
				LastUpgradeCheck = 500;
				ORGANIZATIONNAME = Telerik;
			};
			buildConfigurationList = 858B832918CA111C00AB12DE /* Build configuration list for PBXProject "DailyLogger" */;
			compatibilityVersion = "Xcode 3.2";
			developmentRegion = English;
			hasScannedForEncodings = 0;
			knownRegions = (
				en,
			);
			mainGroup = 858B832518CA111C00AB12DE;
			productRefGroup = 858B832F18CA111C00AB12DE /* Products */;
			projectDirPath = "";
			projectRoot = "";
			targets = (
				858B83EF18CA22B800AB12DE /* DailyLogger */,
			);
		};
/* End PBXProject section */

/* Begin PBXResourcesBuildPhase section */
		858B842C18CA22B800AB12DE /* Resources */ = {
			isa = PBXResourcesBuildPhase;
			buildActionMask = 2147483647;
			files = (
				CD45EE7C18DC2D5800FB50C0 /* app in Resources */,
				858B842D18CA22B800AB12DE /* InfoPlist.strings in Resources */,
				19231987CB02479E9DA92C7A /* Assets.xcassets in Resources */,
				BE8ED26915E64B32B152F49B /* Icon-60@3x.png in Resources */,
				CF9BFD449F6C4CC883E13B45 /* Icon-Small-40.png in Resources */,
				EA472EB93EDA4754879CE082 /* Icon-Small-40@2x.png in Resources */,
				86C4A198045448629D277A43 /* Icon-Small-40@3x.png in Resources */,
				F9104598DB374D5AB07ECF70 /* Icon-Small-50.png in Resources */,
				A8FEFEF17FFC4828B90444DE /* Icon-Small-50@2x.png in Resources */,
				3753420B51A14E4E9A1B910C /* Icon-Small.png in Resources */,
				512A1243348143CD90E842B3 /* Icon-Small@2x.png in Resources */,
				628316D202F141DFB5511719 /* Icon-Small@3x.png in Resources */,
				A5D289D3472C40B8B138AFC4 /* LaunchScreen.storyboard in Resources */,
				30A667EF4F894963888A3B55 /* add.png in Resources */,
				B25E3C765DB144D4808E3EEB /* add@2x.png in Resources */,
				15CC0559942F43469CCA944E /* add@3x.png in Resources */,
				8669CE4F64334BF69D8EE033 /* apple.png in Resources */,
				56CA9D9960C44280AEFA0BE4 /* apple@2x.png in Resources */,
				D67EDF725E824EF0830D14DA /* apple@3x.png in Resources */,
				9F4078A0647C43B0807955A1 /* banana.png in Resources */,
				5F616356E175447185BD8E21 /* banana@2x.png in Resources */,
				02C243C9A6C94FDEB08EAEC0 /* banana@3x.png in Resources */,
				5B33EB31623F421E8704CDE1 /* bg_inner.jpg in Resources */,
				F9A16E74076B41B49E3DFA12 /* bg_inner@2x.jpg in Resources */,
				87CFD385B5E249AEB843A70D /* bg_inner@3x.jpg in Resources */,
				A9C97A39CDFA4AE994A22F33 /* bg_login.jpg in Resources */,
				F06413AC91F7418996B988C3 /* bg_login@2x.jpg in Resources */,
				43D68583CEE04EBC8202C363 /* bg_login@3x.jpg in Resources */,
				5FE0553BA13B42E2AC0E44C1 /* build.xcconfig in Resources */,
				2A55B6A7F8A348B191E90E93 /* checked.png in Resources */,
				92B8B22386BC433497980B57 /* checked@2x.png in Resources */,
				1FAF220DE31F41A0B4EABCA8 /* checked@3x.png in Resources */,
				81D032ED33A44BBAA2A20471 /* checked_white.png in Resources */,
				1FF25549CE7A45B5BF3E8AD2 /* checked_white@2x.png in Resources */,
				65260B8CCB3349798C454009 /* checked_white@3x.png in Resources */,
				25CE1339EA864E498E650C3E /* delete.png in Resources */,
				0D3EF78747764830AB18100D /* delete@2x.png in Resources */,
				0049392CF0954877BF0E9B22 /* delete@3x.png in Resources */,
				502808C2025A4114A0066FE3 /* iTunesArtwork@2x.png in Resources */,
				255DBA25A13D4E4D8BDAA74A /* icon-60.png in Resources */,
				72C5C8D19E6E4F3E8C36425D /* icon-60@2x.png in Resources */,
				B3518D8AC115466BBB6B38ED /* icon-72.png in Resources */,
				85D9FCAA32BD4796A06D1030 /* icon-72@2x.png in Resources */,
				369F5132507F43FDA6202C63 /* icon-76.png in Resources */,
				90CE06ABBE8449BD94B7D882 /* icon-76@2x.png in Resources */,
				4B6EA26348664C378AFE36A2 /* icon.png in Resources */,
				8DBE7AD6D92849DE9976DCBF /* icon@2x.png in Resources */,
				8FD5AF52F35E43A3851E1DFB /* logo_login.png in Resources */,
				D7F28CBAA5C948ADA0B5FD2F /* logo_login@2x.png in Resources */,
				AA622101CFEB451AA43279A0 /* logo_login@3x.png in Resources */,
				C5ABB64A700E46A391196C21 /* logo_signup.png in Resources */,
				865ADFCD8C8D40DD99DD4415 /* logo_signup@2x.png in Resources */,
				36758CCCFD0A407F9EDF65DC /* logo_signup@3x.png in Resources */,
				ED5617FDAEE440C185BCFF5B /* menu.png in Resources */,
				01A8C54721554D29A7140828 /* menu@2x.png in Resources */,
				EDE77E52853B4771B3894B83 /* menu@3x.png in Resources */,
				398EA368CC6845368A8B6486 /* nonselected.png in Resources */,
				E1C293DA55C445A085EDEBFC /* nonselected@2x.png in Resources */,
				F250C34128764FBBBFBE71B4 /* nonselected@3x.png in Resources */,
				C757F2F01C3745B3A6638031 /* pear.png in Resources */,
				52D3CC581A9843CE928D6278 /* pear@2x.png in Resources */,
				0C43374350BE4CCA99D7BDE6 /* pear@3x.png in Resources */,
				0EA5FCC7B5804B61A2BF04F6 /* recent.png in Resources */,
				BD2C167602F84956ACC62333 /* recent@2x.png in Resources */,
				F8D3470D35A942B1B0A95857 /* recent@3x.png in Resources */,
				8CCE1583463042C397CD95E0 /* selected.png in Resources */,
				1DCC24FACF91467B8CC585AD /* selected@2x.png in Resources */,
				AB731BBB555445409D939281 /* selected@3x.png in Resources */,
				C831D45D0BFE42F1A8417D36 /* unchecked.png in Resources */,
				EE4DD80D24C2422394410433 /* unchecked@2x.png in Resources */,
				A9589D46CD0840F7977A52CF /* unchecked@3x.png in Resources */,
				9F5D341301694408B37E32D9 /* unchecked_white.png in Resources */,
				727FC18B295144399C35E4C4 /* unchecked_white@2x.png in Resources */,
				23F88231E594478B8AB3F6CB /* unchecked_white@3x.png in Resources */,
			);
			runOnlyForDeploymentPostprocessing = 0;
		};
/* End PBXResourcesBuildPhase section */

/* Begin PBXShellScriptBuildPhase section */
		C97FD7AC1ADE5369004DB2A4 /* NativeScript PreBuild */ = {
			isa = PBXShellScriptBuildPhase;
			buildActionMask = 2147483647;
			files = (
			);
			inputPaths = (
			);
			name = "NativeScript PreBuild";
			outputPaths = (
			);
			runOnlyForDeploymentPostprocessing = 0;
			shellPath = /bin/sh;
			shellScript = "\"$SRCROOT/internal/nativescript-pre-build\"";
			showEnvVarsInLog = 0;
		};
		CD3EAD351B05FF060042DBFC /* NativeScript PostBuild */ = {
			isa = PBXShellScriptBuildPhase;
			buildActionMask = 2147483647;
			files = (
			);
			inputPaths = (
			);
			name = "NativeScript PostBuild";
			outputPaths = (
			);
			runOnlyForDeploymentPostprocessing = 0;
			shellPath = /bin/sh;
			shellScript = "\"$SRCROOT/internal/nativescript-post-build\"";
			showEnvVarsInLog = 0;
		};
		CD62955B1BB2651D00AE3A93 /* NativeScript PreLink */ = {
			isa = PBXShellScriptBuildPhase;
			buildActionMask = 2147483647;
			files = (
			);
			inputPaths = (
			);
			name = "NativeScript PreLink";
			outputPaths = (
			);
			runOnlyForDeploymentPostprocessing = 0;
			shellPath = /bin/sh;
			shellScript = "\"$SRCROOT/internal/nativescript-pre-link\"";
			showEnvVarsInLog = 0;
		};
/* End PBXShellScriptBuildPhase section */

/* Begin PBXSourcesBuildPhase section */
		858B83F218CA22B800AB12DE /* Sources */ = {
			isa = PBXSourcesBuildPhase;
			buildActionMask = 2147483647;
			files = (
				CD62955D1BB2678900AE3A93 /* main.m in Sources */,
			);
			runOnlyForDeploymentPostprocessing = 0;
		};
/* End PBXSourcesBuildPhase section */

/* Begin PBXVariantGroup section */
		858B833A18CA111C00AB12DE /* InfoPlist.strings */ = {
			isa = PBXVariantGroup;
			children = (
				858B833B18CA111C00AB12DE /* en */,
			);
			name = InfoPlist.strings;
			sourceTree = "<group>";
		};
/* End PBXVariantGroup section */

/* Begin XCBuildConfiguration section */
		858B835818CA111C00AB12DE /* Debug */ = {
			isa = XCBuildConfiguration;
			buildSettings = {
				ALWAYS_SEARCH_USER_PATHS = NO;
				ARCHS = "$(ARCHS_STANDARD)";
				CLANG_CXX_LANGUAGE_STANDARD = "gnu++0x";
				CLANG_CXX_LIBRARY = "libc++";
				CLANG_ENABLE_MODULES = YES;
				CLANG_ENABLE_OBJC_ARC = YES;
				CLANG_WARN_BOOL_CONVERSION = YES;
				CLANG_WARN_CONSTANT_CONVERSION = YES;
				CLANG_WARN_DIRECT_OBJC_ISA_USAGE = YES_ERROR;
				CLANG_WARN_EMPTY_BODY = YES;
				CLANG_WARN_ENUM_CONVERSION = YES;
				CLANG_WARN_INT_CONVERSION = YES;
				CLANG_WARN_OBJC_ROOT_CLASS = YES_ERROR;
				CLANG_WARN__DUPLICATE_METHOD_MATCH = YES;
				"CODE_SIGN_IDENTITY[sdk=iphoneos*]" = "iPhone Developer";
				COPY_PHASE_STRIP = NO;
				GCC_C_LANGUAGE_STANDARD = gnu99;
				GCC_DYNAMIC_NO_PIC = NO;
				GCC_OPTIMIZATION_LEVEL = 0;
				GCC_SYMBOLS_PRIVATE_EXTERN = NO;
				GCC_WARN_64_TO_32_BIT_CONVERSION = YES;
				GCC_WARN_ABOUT_RETURN_TYPE = YES_ERROR;
				GCC_WARN_UNDECLARED_SELECTOR = YES;
				GCC_WARN_UNINITIALIZED_AUTOS = YES;
				GCC_WARN_UNUSED_FUNCTION = YES;
				GCC_WARN_UNUSED_VARIABLE = YES;
				IPHONEOS_DEPLOYMENT_TARGET = 8.0;
				ONLY_ACTIVE_ARCH = YES;
				SDKROOT = iphoneos;
				TARGETED_DEVICE_FAMILY = "1,2";
				VALID_ARCHS = "armv7 arm64";
			};
			name = Debug;
		};
		858B835918CA111C00AB12DE /* Release */ = {
			isa = XCBuildConfiguration;
			buildSettings = {
				ALWAYS_SEARCH_USER_PATHS = NO;
				ARCHS = "$(ARCHS_STANDARD)";
				CLANG_CXX_LANGUAGE_STANDARD = "gnu++0x";
				CLANG_CXX_LIBRARY = "libc++";
				CLANG_ENABLE_MODULES = YES;
				CLANG_ENABLE_OBJC_ARC = YES;
				CLANG_WARN_BOOL_CONVERSION = YES;
				CLANG_WARN_CONSTANT_CONVERSION = YES;
				CLANG_WARN_DIRECT_OBJC_ISA_USAGE = YES_ERROR;
				CLANG_WARN_EMPTY_BODY = YES;
				CLANG_WARN_ENUM_CONVERSION = YES;
				CLANG_WARN_INT_CONVERSION = YES;
				CLANG_WARN_OBJC_ROOT_CLASS = YES_ERROR;
				CLANG_WARN__DUPLICATE_METHOD_MATCH = YES;
				"CODE_SIGN_IDENTITY[sdk=iphoneos*]" = "iPhone Developer";
				COPY_PHASE_STRIP = YES;
				ENABLE_NS_ASSERTIONS = NO;
				GCC_C_LANGUAGE_STANDARD = gnu99;
				GCC_WARN_64_TO_32_BIT_CONVERSION = YES;
				GCC_WARN_ABOUT_RETURN_TYPE = YES_ERROR;
				GCC_WARN_UNDECLARED_SELECTOR = YES;
				GCC_WARN_UNINITIALIZED_AUTOS = YES;
				GCC_WARN_UNUSED_FUNCTION = YES;
				GCC_WARN_UNUSED_VARIABLE = YES;
				IPHONEOS_DEPLOYMENT_TARGET = 8.0;
				SDKROOT = iphoneos;
				TARGETED_DEVICE_FAMILY = "1,2";
				VALIDATE_PRODUCT = YES;
				VALID_ARCHS = "armv7 arm64";
			};
			name = Release;
		};
		858B843118CA22B800AB12DE /* Debug */ = {
			isa = XCBuildConfiguration;
			baseConfigurationReference = CDD59A261BB43B5D00EC2671 /* build-debug.xcconfig */;
			buildSettings = {
				ARCHS = "$(ARCHS_STANDARD)";
				CLANG_ENABLE_MODULES = NO;
				CLANG_MODULES_AUTOLINK = NO;
				ENABLE_BITCODE = NO;
				GCC_PRECOMPILE_PREFIX_HEADER = YES;
				GCC_PREFIX_HEADER = "DailyLogger/DailyLogger-Prefix.pch";
				GCC_PREPROCESSOR_DEFINITIONS = (
					"$(inherited)",
					"DEBUG=1",
				);
				INFOPLIST_FILE = "$(SRCROOT)/DailyLogger/DailyLogger-Info.plist";
				LD_RUNPATH_SEARCH_PATHS = "$(inherited) @executable_path/Frameworks";
				PRODUCT_NAME = DailyLogger;
				VALID_ARCHS = "armv7 arm64";
				WRAPPER_EXTENSION = app;
				FRAMEWORK_SEARCH_PATHS = (
					"$(inherited)",
					"\"$(SRCROOT)/../../node_modules/tns-core-modules-widgets/platforms/ios\"",
				);
			};
			name = Debug;
		};
		858B843218CA22B800AB12DE /* Release */ = {
			isa = XCBuildConfiguration;
			baseConfigurationReference = CDD59A271BB43B5D00EC2671 /* build-release.xcconfig */;
			buildSettings = {
				ARCHS = "$(ARCHS_STANDARD)";
				CLANG_ENABLE_MODULES = NO;
				CLANG_MODULES_AUTOLINK = NO;
				ENABLE_BITCODE = NO;
				GCC_PRECOMPILE_PREFIX_HEADER = YES;
				GCC_PREFIX_HEADER = "DailyLogger/DailyLogger-Prefix.pch";
				INFOPLIST_FILE = "$(SRCROOT)/DailyLogger/DailyLogger-Info.plist";
				LD_RUNPATH_SEARCH_PATHS = "$(inherited) @executable_path/Frameworks";
				PRODUCT_NAME = DailyLogger;
				VALID_ARCHS = "armv7 arm64";
				WRAPPER_EXTENSION = app;
				FRAMEWORK_SEARCH_PATHS = (
					"$(inherited)",
					"\"$(SRCROOT)/../../node_modules/tns-core-modules-widgets/platforms/ios\"",
				);
			};
			name = Release;
		};
/* End XCBuildConfiguration section */

/* Begin XCConfigurationList section */
		858B832918CA111C00AB12DE /* Build configuration list for PBXProject "DailyLogger" */ = {
			isa = XCConfigurationList;
			buildConfigurations = (
				858B835818CA111C00AB12DE /* Debug */,
				858B835918CA111C00AB12DE /* Release */,
			);
			defaultConfigurationIsVisible = 0;
			defaultConfigurationName = Release;
		};
		858B843018CA22B800AB12DE /* Build configuration list for PBXNativeTarget "DailyLogger" */ = {
			isa = XCConfigurationList;
			buildConfigurations = (
				858B843118CA22B800AB12DE /* Debug */,
				858B843218CA22B800AB12DE /* Release */,
			);
			defaultConfigurationIsVisible = 0;
			defaultConfigurationName = Release;
		};
/* End XCConfigurationList section */
	};
	rootObject = 858B832618CA111C00AB12DE /* Project object */;
}
